
Microsoft Visual Studio Solution File, Format Version 12.00
# Visual Studio Version 16
VisualStudioVersion = 16.0.31205.134
MinimumVisualStudioVersion = 10.0.40219.1
Project("{FAE04EC0-301F-11D3-BF4B-00C04F79EFBC}") = "Part1", "Part1\Part1.csproj", "{942C5401-76CA-49CD-BD96-F091E17ADAA1}"
EndProject
Project("{FAE04EC0-301F-11D3-BF4B-00C04F79EFBC}") = "Part2", "Part2\Part2.csproj", "{8936FA77-58DD-450D-8A55-9DD90051928E}"
EndProject
Global
	GlobalSection(SolutionConfigurationPlatforms) = preSolution
		Debug|Any CPU = Debug|Any CPU
		Release|Any CPU = Release|Any CPU
	EndGlobalSection
	GlobalSection(ProjectConfigurationPlatforms) = postSolution
		{942C5401-76CA-49CD-BD96-F091E17ADAA1}.Debug|Any CPU.ActiveCfg = Debug|Any CPU
		{942C5401-76CA-49CD-BD96-F091E17ADAA1}.Debug|Any CPU.Build.0 = Debug|Any CPU
		{942C5401-76CA-49CD-BD96-F091E17ADAA1}.Release|Any CPU.ActiveCfg = Release|Any CPU
		{942C5401-76CA-49CD-BD96-F091E17ADAA1}.Release|Any CPU.Build.0 = Release|Any CPU
		{8936FA77-58DD-450D-8A55-9DD90051928E}.Debug|Any CPU.ActiveCfg = Debug|Any CPU
		{8936FA77-58DD-450D-8A55-9DD90051928E}.Debug|Any CPU.Build.0 = Debug|Any CPU
		{8936FA77-58DD-450D-8A55-9DD90051928E}.Release|Any CPU.ActiveCfg = Release|Any CPU
		{8936FA77-58DD-450D-8A55-9DD90051928E}.Release|Any CPU.Build.0 = Release|Any CPU
	EndGlobalSection
	GlobalSection(SolutionProperties) = preSolution
		HideSolutionNode = FALSE
	EndGlobalSection
	GlobalSection(ExtensibilityGlobals) = postSolution
		SolutionGuid = {AAEFECDE-0157-4E6B-AF6B-B71CCEEF4D2F}
	EndGlobalSection
EndGlobal
